
Microsoft Visual Studio Solution File, Format Version 12.00
# Visual Studio Version 16
VisualStudioVersion = 16.0.30413.136
MinimumVisualStudioVersion = 10.0.40219.1
Project("{9A19103F-16F7-4668-BE54-9A1E7A4F7556}") = "WebApi", "WebApi\WebApi.csproj", "{0BC7A0BB-9FBA-4F0D-996E-ADB951877C43}"
EndProject
Project("{9A19103F-16F7-4668-BE54-9A1E7A4F7556}") = "BusinessLogic", "BusinessLogic\BusinessLogic.csproj", "{048054F6-1D1D-416B-A72B-5605F92639FA}"
EndProject
Project("{9A19103F-16F7-4668-BE54-9A1E7A4F7556}") = "BusinessLogicTest", "BusinessLogicTest\BusinessLogicTest.csproj", "{92EC074D-FBC0-437B-9DD7-C6B6DAE65DCB}"
EndProject
Project("{9A19103F-16F7-4668-BE54-9A1E7A4F7556}") = "Domain", "Domain\Domain.csproj", "{B0986446-6BB6-4033-9CA0-DCD9CA452DA2}"
EndProject
Project("{9A19103F-16F7-4668-BE54-9A1E7A4F7556}") = "DataAccessInterface", "DataAccessInterface\DataAccessInterface.csproj", "{F098B1C0-2AF0-47EE-B052-527395B36EF7}"
EndProject
Project("{9A19103F-16F7-4668-BE54-9A1E7A4F7556}") = "DataAccess", "DataAccess\DataAccess.csproj", "{E22DB74F-78E3-4016-9CFE-6E961F0ABE30}"
	ProjectSection(ProjectDependencies) = postProject
		{F098B1C0-2AF0-47EE-B052-527395B36EF7} = {F098B1C0-2AF0-47EE-B052-527395B36EF7}
	EndProjectSection
EndProject
Project("{9A19103F-16F7-4668-BE54-9A1E7A4F7556}") = "DataAccessTest", "DataAccessTest\DataAccessTest.csproj", "{AB00C9AC-27C3-4FD9-BBF6-56FED4923F63}"
EndProject
Project("{9A19103F-16F7-4668-BE54-9A1E7A4F7556}") = "BusinessLogicInterface", "BusinessLogicInterface\BusinessLogicInterface.csproj", "{CA38AF19-E69D-4AEF-8718-496E96421022}"
EndProject
Project("{9A19103F-16F7-4668-BE54-9A1E7A4F7556}") = "WebApiTest", "WebApiTest\WebApiTest.csproj", "{E257FF3E-02A8-4E73-AC7D-F389B8294543}"
EndProject
Project("{9A19103F-16F7-4668-BE54-9A1E7A4F7556}") = "Exceptions", "Exception\Exceptions.csproj", "{A68658FB-251D-449C-9815-97953CB3FDAD}"
EndProject
Project("{2150E333-8FDC-42A3-9474-1A3956D46DE8}") = "Formatters", "Formatters", "{0632D62A-2424-447C-96D9-7306DA112A17}"
EndProject
Project("{9A19103F-16F7-4668-BE54-9A1E7A4F7556}") = "JsonFormatter", "JsonFormatter\JsonFormatter.csproj", "{E0061C3B-DF9C-4A8F-A907-D926CDD716C3}"
EndProject
Project("{9A19103F-16F7-4668-BE54-9A1E7A4F7556}") = "XmlFormatter", "XmlFormatter\XmlFormatter.csproj", "{19D2C9C2-3DE7-4AD4-8414-E4944C599A08}"
EndProject
Project("{FAE04EC0-301F-11D3-BF4B-00C04F79EFBC}") = "DataImport", "DataImport\DataImport.csproj", "{5DB89CE9-A20E-4CEB-900A-90CBBBBA7748}"
EndProject
Global
	GlobalSection(SolutionConfigurationPlatforms) = preSolution
		Debug|Any CPU = Debug|Any CPU
		Release|Any CPU = Release|Any CPU
	EndGlobalSection
	GlobalSection(ProjectConfigurationPlatforms) = postSolution
		{0BC7A0BB-9FBA-4F0D-996E-ADB951877C43}.Debug|Any CPU.ActiveCfg = Debug|Any CPU
		{0BC7A0BB-9FBA-4F0D-996E-ADB951877C43}.Debug|Any CPU.Build.0 = Debug|Any CPU
		{0BC7A0BB-9FBA-4F0D-996E-ADB951877C43}.Release|Any CPU.ActiveCfg = Release|Any CPU
		{0BC7A0BB-9FBA-4F0D-996E-ADB951877C43}.Release|Any CPU.Build.0 = Release|Any CPU
		{048054F6-1D1D-416B-A72B-5605F92639FA}.Debug|Any CPU.ActiveCfg = Debug|Any CPU
		{048054F6-1D1D-416B-A72B-5605F92639FA}.Debug|Any CPU.Build.0 = Debug|Any CPU
		{048054F6-1D1D-416B-A72B-5605F92639FA}.Release|Any CPU.ActiveCfg = Release|Any CPU
		{048054F6-1D1D-416B-A72B-5605F92639FA}.Release|Any CPU.Build.0 = Release|Any CPU
		{92EC074D-FBC0-437B-9DD7-C6B6DAE65DCB}.Debug|Any CPU.ActiveCfg = Debug|Any CPU
		{92EC074D-FBC0-437B-9DD7-C6B6DAE65DCB}.Debug|Any CPU.Build.0 = Debug|Any CPU
		{92EC074D-FBC0-437B-9DD7-C6B6DAE65DCB}.Release|Any CPU.ActiveCfg = Release|Any CPU
		{92EC074D-FBC0-437B-9DD7-C6B6DAE65DCB}.Release|Any CPU.Build.0 = Release|Any CPU
		{B0986446-6BB6-4033-9CA0-DCD9CA452DA2}.Debug|Any CPU.ActiveCfg = Debug|Any CPU
		{B0986446-6BB6-4033-9CA0-DCD9CA452DA2}.Debug|Any CPU.Build.0 = Debug|Any CPU
		{B0986446-6BB6-4033-9CA0-DCD9CA452DA2}.Release|Any CPU.ActiveCfg = Release|Any CPU
		{B0986446-6BB6-4033-9CA0-DCD9CA452DA2}.Release|Any CPU.Build.0 = Release|Any CPU
		{F098B1C0-2AF0-47EE-B052-527395B36EF7}.Debug|Any CPU.ActiveCfg = Debug|Any CPU
		{F098B1C0-2AF0-47EE-B052-527395B36EF7}.Debug|Any CPU.Build.0 = Debug|Any CPU
		{F098B1C0-2AF0-47EE-B052-527395B36EF7}.Release|Any CPU.ActiveCfg = Release|Any CPU
		{F098B1C0-2AF0-47EE-B052-527395B36EF7}.Release|Any CPU.Build.0 = Release|Any CPU
		{E22DB74F-78E3-4016-9CFE-6E961F0ABE30}.Debug|Any CPU.ActiveCfg = Debug|Any CPU
		{E22DB74F-78E3-4016-9CFE-6E961F0ABE30}.Debug|Any CPU.Build.0 = Debug|Any CPU
		{E22DB74F-78E3-4016-9CFE-6E961F0ABE30}.Release|Any CPU.ActiveCfg = Release|Any CPU
		{E22DB74F-78E3-4016-9CFE-6E961F0ABE30}.Release|Any CPU.Build.0 = Release|Any CPU
		{AB00C9AC-27C3-4FD9-BBF6-56FED4923F63}.Debug|Any CPU.ActiveCfg = Debug|Any CPU
		{AB00C9AC-27C3-4FD9-BBF6-56FED4923F63}.Debug|Any CPU.Build.0 = Debug|Any CPU
		{AB00C9AC-27C3-4FD9-BBF6-56FED4923F63}.Release|Any CPU.ActiveCfg = Release|Any CPU
		{AB00C9AC-27C3-4FD9-BBF6-56FED4923F63}.Release|Any CPU.Build.0 = Release|Any CPU
		{CA38AF19-E69D-4AEF-8718-496E96421022}.Debug|Any CPU.ActiveCfg = Debug|Any CPU
		{CA38AF19-E69D-4AEF-8718-496E96421022}.Debug|Any CPU.Build.0 = Debug|Any CPU
		{CA38AF19-E69D-4AEF-8718-496E96421022}.Release|Any CPU.ActiveCfg = Release|Any CPU
		{CA38AF19-E69D-4AEF-8718-496E96421022}.Release|Any CPU.Build.0 = Release|Any CPU
		{E257FF3E-02A8-4E73-AC7D-F389B8294543}.Debug|Any CPU.ActiveCfg = Debug|Any CPU
		{E257FF3E-02A8-4E73-AC7D-F389B8294543}.Debug|Any CPU.Build.0 = Debug|Any CPU
		{E257FF3E-02A8-4E73-AC7D-F389B8294543}.Release|Any CPU.ActiveCfg = Release|Any CPU
		{E257FF3E-02A8-4E73-AC7D-F389B8294543}.Release|Any CPU.Build.0 = Release|Any CPU
		{A68658FB-251D-449C-9815-97953CB3FDAD}.Debug|Any CPU.ActiveCfg = Debug|Any CPU
		{A68658FB-251D-449C-9815-97953CB3FDAD}.Debug|Any CPU.Build.0 = Debug|Any CPU
		{A68658FB-251D-449C-9815-97953CB3FDAD}.Release|Any CPU.ActiveCfg = Release|Any CPU
		{A68658FB-251D-449C-9815-97953CB3FDAD}.Release|Any CPU.Build.0 = Release|Any CPU
		{E0061C3B-DF9C-4A8F-A907-D926CDD716C3}.Debug|Any CPU.ActiveCfg = Debug|Any CPU
		{E0061C3B-DF9C-4A8F-A907-D926CDD716C3}.Debug|Any CPU.Build.0 = Debug|Any CPU
		{E0061C3B-DF9C-4A8F-A907-D926CDD716C3}.Release|Any CPU.ActiveCfg = Release|Any CPU
		{E0061C3B-DF9C-4A8F-A907-D926CDD716C3}.Release|Any CPU.Build.0 = Release|Any CPU
		{19D2C9C2-3DE7-4AD4-8414-E4944C599A08}.Debug|Any CPU.ActiveCfg = Debug|Any CPU
		{19D2C9C2-3DE7-4AD4-8414-E4944C599A08}.Debug|Any CPU.Build.0 = Debug|Any CPU
		{19D2C9C2-3DE7-4AD4-8414-E4944C599A08}.Release|Any CPU.ActiveCfg = Release|Any CPU
		{19D2C9C2-3DE7-4AD4-8414-E4944C599A08}.Release|Any CPU.Build.0 = Release|Any CPU
		{5DB89CE9-A20E-4CEB-900A-90CBBBBA7748}.Debug|Any CPU.ActiveCfg = Debug|Any CPU
		{5DB89CE9-A20E-4CEB-900A-90CBBBBA7748}.Debug|Any CPU.Build.0 = Debug|Any CPU
		{5DB89CE9-A20E-4CEB-900A-90CBBBBA7748}.Release|Any CPU.ActiveCfg = Release|Any CPU
		{5DB89CE9-A20E-4CEB-900A-90CBBBBA7748}.Release|Any CPU.Build.0 = Release|Any CPU
	EndGlobalSection
	GlobalSection(SolutionProperties) = preSolution
		HideSolutionNode = FALSE
	EndGlobalSection
	GlobalSection(NestedProjects) = preSolution
		{E0061C3B-DF9C-4A8F-A907-D926CDD716C3} = {0632D62A-2424-447C-96D9-7306DA112A17}
		{19D2C9C2-3DE7-4AD4-8414-E4944C599A08} = {0632D62A-2424-447C-96D9-7306DA112A17}
	EndGlobalSection
	GlobalSection(ExtensibilityGlobals) = postSolution
		SolutionGuid = {2514BEFC-4A36-4B77-8375-B224BA551E83}
	EndGlobalSection
EndGlobal
